
Microsoft Visual Studio Solution File, Format Version 12.00
# Visual Studio Version 17
VisualStudioVersion = 17.3.32811.315
MinimumVisualStudioVersion = 10.0.40219.1
Project("{9A19103F-16F7-4668-BE54-9A1E7A4F7556}") = "ShoppingCartTest", "ShoppingCartTest.csproj", "{5ECFC3AE-9951-4EC1-BF23-C7E3E82254D4}"
EndProject
Global
	GlobalSection(SolutionConfigurationPlatforms) = preSolution
		Debug|Any CPU = Debug|Any CPU
		Release|Any CPU = Release|Any CPU
	EndGlobalSection
	GlobalSection(ProjectConfigurationPlatforms) = postSolution
		{5ECFC3AE-9951-4EC1-BF23-C7E3E82254D4}.Debug|Any CPU.ActiveCfg = Debug|Any CPU
		{5ECFC3AE-9951-4EC1-BF23-C7E3E82254D4}.Debug|Any CPU.Build.0 = Debug|Any CPU
		{5ECFC3AE-9951-4EC1-BF23-C7E3E82254D4}.Release|Any CPU.ActiveCfg = Release|Any CPU
		{5ECFC3AE-9951-4EC1-BF23-C7E3E82254D4}.Release|Any CPU.Build.0 = Release|Any CPU
	EndGlobalSection
	GlobalSection(SolutionProperties) = preSolution
		HideSolutionNode = FALSE
	EndGlobalSection
	GlobalSection(ExtensibilityGlobals) = postSolution
		SolutionGuid = {A01A9EA4-7762-47D5-B357-8EEECA69DEE6}
	EndGlobalSection
EndGlobal
